
Microsoft Visual Studio Solution File, Format Version 12.00
# Visual Studio Version 17
VisualStudioVersion = 17.9.34714.143
MinimumVisualStudioVersion = 10.0.40219.1
Project("{FAE04EC0-301F-11D3-BF4B-00C04F79EFBC}") = "CRUDFINAL", "CRUDFINAL\CRUDFINAL.csproj", "{2F50AF74-D155-41CD-A3D0-F4917CAC59F2}"
EndProject
Global
	GlobalSection(SolutionConfigurationPlatforms) = preSolution
		Debug|Any CPU = Debug|Any CPU
		Release|Any CPU = Release|Any CPU
	EndGlobalSection
	GlobalSection(ProjectConfigurationPlatforms) = postSolution
		{2F50AF74-D155-41CD-A3D0-F4917CAC59F2}.Debug|Any CPU.ActiveCfg = Debug|Any CPU
		{2F50AF74-D155-41CD-A3D0-F4917CAC59F2}.Debug|Any CPU.Build.0 = Debug|Any CPU
		{2F50AF74-D155-41CD-A3D0-F4917CAC59F2}.Release|Any CPU.ActiveCfg = Release|Any CPU
		{2F50AF74-D155-41CD-A3D0-F4917CAC59F2}.Release|Any CPU.Build.0 = Release|Any CPU
	EndGlobalSection
	GlobalSection(SolutionProperties) = preSolution
		HideSolutionNode = FALSE
	EndGlobalSection
	GlobalSection(ExtensibilityGlobals) = postSolution
		SolutionGuid = {E4337419-52BF-4802-B0F9-59AD6CEED0A2}
	EndGlobalSection
EndGlobal
